
Microsoft Visual Studio Solution File, Format Version 12.00
# Visual Studio Version 17
VisualStudioVersion = 17.7.34031.279
MinimumVisualStudioVersion = 10.0.40219.1
Project("{FAE04EC0-301F-11D3-BF4B-00C04F79EFBC}") = "VULN5", "VULN5.csproj", "{21E88A33-96A6-4517-A40D-1CF717F5CC53}"
EndProject
Global
	GlobalSection(SolutionConfigurationPlatforms) = preSolution
		Debug|Any CPU = Debug|Any CPU
		Release|Any CPU = Release|Any CPU
	EndGlobalSection
	GlobalSection(ProjectConfigurationPlatforms) = postSolution
		{21E88A33-96A6-4517-A40D-1CF717F5CC53}.Debug|Any CPU.ActiveCfg = Debug|Any CPU
		{21E88A33-96A6-4517-A40D-1CF717F5CC53}.Debug|Any CPU.Build.0 = Debug|Any CPU
		{21E88A33-96A6-4517-A40D-1CF717F5CC53}.Release|Any CPU.ActiveCfg = Release|Any CPU
		{21E88A33-96A6-4517-A40D-1CF717F5CC53}.Release|Any CPU.Build.0 = Release|Any CPU
	EndGlobalSection
	GlobalSection(SolutionProperties) = preSolution
		HideSolutionNode = FALSE
	EndGlobalSection
	GlobalSection(ExtensibilityGlobals) = postSolution
		SolutionGuid = {25DD382C-79F9-4B33-8E1D-62CDA2A1001A}
	EndGlobalSection
EndGlobal
